NeoBundleLock lexima.vim 85cfff9f7d16bd1ad76fcfedca6ab4982af6ba9d
NeoBundleLock neocomplete 604fd73cd5b3cafde30246550e4e14db4d48555a
NeoBundleLock neosnippet af6e74863a8aee770bac02e321edda2e03e78205
NeoBundleLock neosnippet-snippets 0507e9c200a904a21fa5d15ee66a1ea9fe07bb01
NeoBundleLock nerdtree 5f3a44d066a1ab356cc12476ac9f4d271d72645a
NeoBundleLock perldoc-vim ef095a51f886f6fef50005c999c12f8de9bc4061
NeoBundleLock tender.vim 6b0497a59233b3e67fb528a498069eb1d24743f9
NeoBundleLock unite.vim ada33d888934d8a9e60aa8ff828b651aaedb6457
NeoBundleLock vim-perl 4e75c3e3766da7294061f9bef6949e89087f821f
NeoBundleLock vim-quickrun 98889e1fc0f7136262c4dd7c312b82879df16486
NeoBundleLock vim-tags e75dea76e488d9208ed73c53c46a4abee2695115
NeoBundleLock vimproc.vim 25cb83f24edec4aec1e9f1329302235e7a7a7fe0
NeoBundleLock vimshell.vim d0c5bef010237855b4de25863bc54895effe5d7a
